
Microsoft Visual Studio Solution File, Format Version 12.00
# Visual Studio 15
VisualStudioVersion = 15.0.28010.2016
MinimumVisualStudioVersion = 10.0.40219.1
Project("{8BC9CEB8-8B4A-11D0-8D11-00A0C91BC942}") = "2. Cout, Cin, Endl", "2. Cout, Cin, Endl\2. Cout, Cin, Endl.vcxproj", "{0C8F119C-CAE0-4EC3-8BA1-C7BC2E05B59F}"
EndProject
Global
	GlobalSection(SolutionConfigurationPlatforms) = preSolution
		Debug|x64 = Debug|x64
		Debug|x86 = Debug|x86
		Release|x64 = Release|x64
		Release|x86 = Release|x86
	EndGlobalSection
	GlobalSection(ProjectConfigurationPlatforms) = postSolution
		{0C8F119C-CAE0-4EC3-8BA1-C7BC2E05B59F}.Debug|x64.ActiveCfg = Debug|x64
		{0C8F119C-CAE0-4EC3-8BA1-C7BC2E05B59F}.Debug|x64.Build.0 = Debug|x64
		{0C8F119C-CAE0-4EC3-8BA1-C7BC2E05B59F}.Debug|x86.ActiveCfg = Debug|Win32
		{0C8F119C-CAE0-4EC3-8BA1-C7BC2E05B59F}.Debug|x86.Build.0 = Debug|Win32
		{0C8F119C-CAE0-4EC3-8BA1-C7BC2E05B59F}.Release|x64.ActiveCfg = Release|x64
		{0C8F119C-CAE0-4EC3-8BA1-C7BC2E05B59F}.Release|x64.Build.0 = Release|x64
		{0C8F119C-CAE0-4EC3-8BA1-C7BC2E05B59F}.Release|x86.ActiveCfg = Release|Win32
		{0C8F119C-CAE0-4EC3-8BA1-C7BC2E05B59F}.Release|x86.Build.0 = Release|Win32
	EndGlobalSection
	GlobalSection(SolutionProperties) = preSolution
		HideSolutionNode = FALSE
	EndGlobalSection
	GlobalSection(ExtensibilityGlobals) = postSolution
		SolutionGuid = {052646D4-9E7D-4CA7-BFC3-20EB1297C307}
	EndGlobalSection
EndGlobal
